PODS:
  - Flutter (1.0.0)
  - flutter_timezone (0.0.1):
    - Flutter

DEPENDENCIES:
  - Flutter (from `Flutter`)
  - flutter_timezone (from `.symlinks/plugins/flutter_timezone/ios`)

EXTERNAL SOURCES:
  Flutter:
    :path: Flutter
  flutter_timezone:
    :path: ".symlinks/plugins/flutter_timezone/ios"

SPEC CHECKSUMS:
  Flutter: cabc95a1d2626b1b06e7179b784ebcf0c0cde467
  flutter_timezone: ffb07bdad3c6276af8dada0f11978d8a1f8a20bb

PODFILE CHECKSUM: 85bb10bf4f1cdee658cc7927f815351860160a19

COCOAPODS: 1.15.2
